
Microsoft Visual Studio Solution File, Format Version 12.00
# Visual Studio 15
VisualStudioVersion = 15.0.28307.421
MinimumVisualStudioVersion = 10.0.40219.1
Project("{FAE04EC0-301F-11D3-BF4B-00C04F79EFBC}") = "Fractal2D", "Fractal2D\Fractal2D.csproj", "{E9067049-93CF-4BC6-ADE0-AD5DB735E91B}"
EndProject
Global
	GlobalSection(SolutionConfigurationPlatforms) = preSolution
		Debug|Any CPU = Debug|Any CPU
		Release|Any CPU = Release|Any CPU
	EndGlobalSection
	GlobalSection(ProjectConfigurationPlatforms) = postSolution
		{E9067049-93CF-4BC6-ADE0-AD5DB735E91B}.Debug|Any CPU.ActiveCfg = Debug|Any CPU
		{E9067049-93CF-4BC6-ADE0-AD5DB735E91B}.Debug|Any CPU.Build.0 = Debug|Any CPU
		{E9067049-93CF-4BC6-ADE0-AD5DB735E91B}.Release|Any CPU.ActiveCfg = Release|Any CPU
		{E9067049-93CF-4BC6-ADE0-AD5DB735E91B}.Release|Any CPU.Build.0 = Release|Any CPU
	EndGlobalSection
	GlobalSection(SolutionProperties) = preSolution
		HideSolutionNode = FALSE
	EndGlobalSection
	GlobalSection(ExtensibilityGlobals) = postSolution
		SolutionGuid = {633BCF29-B827-4CFE-8497-D488075A5223}
	EndGlobalSection
EndGlobal
